
Microsoft Visual Studio Solution File, Format Version 12.00
# Visual Studio Version 17
VisualStudioVersion = 17.8.34330.188
MinimumVisualStudioVersion = 10.0.40219.1
Project("{FAE04EC0-301F-11D3-BF4B-00C04F79EFBC}") = "LearnerProject", "LearnerProject\LearnerProject.csproj", "{40510A10-034D-45FC-81BB-3F95AE7FC0E4}"
EndProject
Global
	GlobalSection(SolutionConfigurationPlatforms) = preSolution
		Debug|Any CPU = Debug|Any CPU
		Release|Any CPU = Release|Any CPU
	EndGlobalSection
	GlobalSection(ProjectConfigurationPlatforms) = postSolution
		{40510A10-034D-45FC-81BB-3F95AE7FC0E4}.Debug|Any CPU.ActiveCfg = Debug|Any CPU
		{40510A10-034D-45FC-81BB-3F95AE7FC0E4}.Debug|Any CPU.Build.0 = Debug|Any CPU
		{40510A10-034D-45FC-81BB-3F95AE7FC0E4}.Release|Any CPU.ActiveCfg = Release|Any CPU
		{40510A10-034D-45FC-81BB-3F95AE7FC0E4}.Release|Any CPU.Build.0 = Release|Any CPU
	EndGlobalSection
	GlobalSection(SolutionProperties) = preSolution
		HideSolutionNode = FALSE
	EndGlobalSection
	GlobalSection(ExtensibilityGlobals) = postSolution
		SolutionGuid = {C0DA0F2A-7237-498E-B91F-5F8E7BA23221}
	EndGlobalSection
EndGlobal
